
Microsoft Visual Studio Solution File, Format Version 12.00
Project("{2150E333-8FDC-42A3-9474-1A3956D46DE8}") = "BUSINESS", "BUSINESS", "{7C79D54E-1955-45B2-8DE4-7BBFF3B7CAD3}"
EndProject
Project("{FAE04EC0-301F-11D3-BF4B-00C04F79EFBC}") = "User.API", "BUSINESS\User.API\User.API.csproj", "{F1E2AD37-E033-4447-9659-E8C375DD7089}"
EndProject
Project("{FAE04EC0-301F-11D3-BF4B-00C04F79EFBC}") = "User.Core", "BUSINESS\User.Core\User.Core.csproj", "{F4F5F2DF-5D91-4A50-BF77-3C968E66FAAE}"
EndProject
Project("{FAE04EC0-301F-11D3-BF4B-00C04F79EFBC}") = "User.DataAccess", "BUSINESS\User.DataAccess\User.DataAccess.csproj", "{2486303C-ED95-46CD-AAC9-7F048D1692FB}"
EndProject
Project("{FAE04EC0-301F-11D3-BF4B-00C04F79EFBC}") = "User.Service", "BUSINESS\User.Service\User.Service.csproj", "{58E82049-835D-44D9-8DAD-B2E42141A94C}"
EndProject
Global
	GlobalSection(SolutionConfigurationPlatforms) = preSolution
		Debug|Any CPU = Debug|Any CPU
		Release|Any CPU = Release|Any CPU
	EndGlobalSection
	GlobalSection(NestedProjects) = preSolution
		{F1E2AD37-E033-4447-9659-E8C375DD7089} = {7C79D54E-1955-45B2-8DE4-7BBFF3B7CAD3}
		{F4F5F2DF-5D91-4A50-BF77-3C968E66FAAE} = {7C79D54E-1955-45B2-8DE4-7BBFF3B7CAD3}
		{2486303C-ED95-46CD-AAC9-7F048D1692FB} = {7C79D54E-1955-45B2-8DE4-7BBFF3B7CAD3}
		{58E82049-835D-44D9-8DAD-B2E42141A94C} = {7C79D54E-1955-45B2-8DE4-7BBFF3B7CAD3}
	EndGlobalSection
	GlobalSection(ProjectConfigurationPlatforms) = postSolution
		{F1E2AD37-E033-4447-9659-E8C375DD7089}.Debug|Any CPU.ActiveCfg = Debug|Any CPU
		{F1E2AD37-E033-4447-9659-E8C375DD7089}.Debug|Any CPU.Build.0 = Debug|Any CPU
		{F1E2AD37-E033-4447-9659-E8C375DD7089}.Release|Any CPU.ActiveCfg = Release|Any CPU
		{F1E2AD37-E033-4447-9659-E8C375DD7089}.Release|Any CPU.Build.0 = Release|Any CPU
		{F4F5F2DF-5D91-4A50-BF77-3C968E66FAAE}.Debug|Any CPU.ActiveCfg = Debug|Any CPU
		{F4F5F2DF-5D91-4A50-BF77-3C968E66FAAE}.Debug|Any CPU.Build.0 = Debug|Any CPU
		{F4F5F2DF-5D91-4A50-BF77-3C968E66FAAE}.Release|Any CPU.ActiveCfg = Release|Any CPU
		{F4F5F2DF-5D91-4A50-BF77-3C968E66FAAE}.Release|Any CPU.Build.0 = Release|Any CPU
		{2486303C-ED95-46CD-AAC9-7F048D1692FB}.Debug|Any CPU.ActiveCfg = Debug|Any CPU
		{2486303C-ED95-46CD-AAC9-7F048D1692FB}.Debug|Any CPU.Build.0 = Debug|Any CPU
		{2486303C-ED95-46CD-AAC9-7F048D1692FB}.Release|Any CPU.ActiveCfg = Release|Any CPU
		{2486303C-ED95-46CD-AAC9-7F048D1692FB}.Release|Any CPU.Build.0 = Release|Any CPU
		{58E82049-835D-44D9-8DAD-B2E42141A94C}.Debug|Any CPU.ActiveCfg = Debug|Any CPU
		{58E82049-835D-44D9-8DAD-B2E42141A94C}.Debug|Any CPU.Build.0 = Debug|Any CPU
		{58E82049-835D-44D9-8DAD-B2E42141A94C}.Release|Any CPU.ActiveCfg = Release|Any CPU
		{58E82049-835D-44D9-8DAD-B2E42141A94C}.Release|Any CPU.Build.0 = Release|Any CPU
	EndGlobalSection
EndGlobal
